
Microsoft Visual Studio Solution File, Format Version 12.00
# Visual Studio 15
VisualStudioVersion = 15.0.27428.2015
MinimumVisualStudioVersion = 10.0.40219.1
Project("{FAE04EC0-301F-11D3-BF4B-00C04F79EFBC}") = "Sudoku", "Sudoku\Sudoku.csproj", "{910175CF-29EB-4F35-B3AF-A21FF68FB34B}"
EndProject
Global
	GlobalSection(SolutionConfigurationPlatforms) = preSolution
		Debug|Any CPU = Debug|Any CPU
		Release|Any CPU = Release|Any CPU
	EndGlobalSection
	GlobalSection(ProjectConfigurationPlatforms) = postSolution
		{910175CF-29EB-4F35-B3AF-A21FF68FB34B}.Debug|Any CPU.ActiveCfg = Debug|Any CPU
		{910175CF-29EB-4F35-B3AF-A21FF68FB34B}.Debug|Any CPU.Build.0 = Debug|Any CPU
		{910175CF-29EB-4F35-B3AF-A21FF68FB34B}.Release|Any CPU.ActiveCfg = Release|Any CPU
		{910175CF-29EB-4F35-B3AF-A21FF68FB34B}.Release|Any CPU.Build.0 = Release|Any CPU
	EndGlobalSection
	GlobalSection(SolutionProperties) = preSolution
		HideSolutionNode = FALSE
	EndGlobalSection
	GlobalSection(ExtensibilityGlobals) = postSolution
		SolutionGuid = {6D67B89D-5E0A-46FC-AD44-B8A5EC4DA155}
	EndGlobalSection
EndGlobal
